version = 1
revision = 3
requires-python = ">=3.14"

[[package]]
name = "annotated-doc"
version = "0.0.4"
source = { registry = "https://pypi.org/simple" }
sdist = { url = "https://files.pythonhosted.org/packages/57/ba/046ceea27344560984e26a590f90bc7f4a75b06701f653222458922b558c/annotated_doc-0.0.4.tar.gz", hash = "sha256:fbcda96e87e9c92ad167c2e53839e57503ecfda18804ea28102353485033faa4", size = 7288, upload-time = "2025-11-10T22:07:42.062Z" }
wheels = [
    { url = "https://files.pythonhosted.org/packages/1e/d3/26bf1008eb3d2daa8ef4cacc7f3bfdc11818d111f7e2d0201bc6e3b49d45/annotated_doc-0.0.4-py3-none-any.whl", hash = "sha256:571ac1dc6991c450b25a9c2d84a3705e2ae7a53467b5d111c24fa8baabbed320", size = 5303, upload-time = "2025-11-10T22:07:40.673Z" },
]

[[package]]
name = "colorama"
version = "0.4.6"
source = { registry = "https://pypi.org/simple" }
sdist = { url = "https://files.pythonhosted.org/packages/d8/53/6f443c9a4a8358a93a6792e2acffb9d9d5cb0a5cfd8802644b7b1c9a02e4/colorama-0.4.6.tar.gz", hash = "sha256:08695f5cb7ed6e0531a20572697297273c47b8cae5a63ffc6d6ed5c201be6e44", size = 27697, upload-time = "2022-10-25T02:36:22.414Z" }
wheels = [
    { url = "https://files.pythonhosted.org/packages/d1/d6/3965ed04c63042e047cb6a3e6ed1a63a35087b6a609aa3a15ed8ac56c221/colorama-0.4.6-py2.py3-none-any.whl", hash = "sha256:4f1d9991f5acc0ca119f9d443620b77f9d6b33703e51011c16baf57afb285fc6", size = 25335, upload-time = "2022-10-25T02:36:20.889Z" },
]

[[package]]
name = "fastapi-github-defaults"
version = "0.0.1"
source = { virtual = "." }
dependencies = [
    { name = "typer" },
]

[package.dev-dependencies]
dev = [
    { name = "prek" },
    { name = "pytest" },
    { name = "ruff" },
    { name = "ty" },
    { name = "zizmor" },
]

[package.metadata]
requires-dist = [{ name = "typer", specifier = ">=0.26.3" }]

[package.metadata.requires-dev]
dev = [
    { name = "prek", specifier = ">=0.4.3" },
    { name = "pytest", specifier = ">=9.0.3" },
    { name = "ruff", specifier = ">=0.15.15" },
    { name = "ty", specifier = ">=0.0.40" },
    { name = "zizmor", specifier = ">=1.25.2" },
]

[[package]]
name = "iniconfig"
version = "2.3.0"
source = { registry = "https://pypi.org/simple" }
sdist = { url = "https://files.pythonhosted.org/packages/72/34/14ca021ce8e5dfedc35312d08ba8bf51fdd999c576889fc2c24cb97f4f10/iniconfig-2.3.0.tar.gz", hash = "sha256:c76315c77db068650d49c5b56314774a7804df16fee4402c1f19d6d15d8c4730", size = 20503, upload-time = "2025-10-18T21:55:43.219Z" }
wheels = [
    { url = "https://files.pythonhosted.org/packages/cb/b1/3846dd7f199d53cb17f49cba7e651e9ce294d8497c8c150530ed11865bb8/iniconfig-2.3.0-py3-none-any.whl", hash = "sha256:f631c04d2c48c52b84d0d0549c99ff3859c98df65b3101406327ecc7d53fbf12", size = 7484, upload-time = "2025-10-18T21:55:41.639Z" },
]

[[package]]
name = "markdown-it-py"
version = "4.2.0"
source = { registry = "https://pypi.org/simple" }
dependencies = [
    { name = "mdurl" },
]
sdist = { url = "https://files.pythonhosted.org/packages/06/ff/7841249c247aa650a76b9ee4bbaeae59370dc8bfd2f6c01f3630c35eb134/markdown_it_py-4.2.0.tar.gz", hash = "sha256:04a21681d6fbb623de53f6f364d352309d4094dd4194040a10fd51833e418d49", size = 82454, upload-time = "2026-05-07T12:08:28.36Z" }
wheels = [
    { url = "https://files.pythonhosted.org/packages/b3/81/4da04ced5a082363ecfa159c010d200ecbd959ae410c10c0264a38cac0f5/markdown_it_py-4.2.0-py3-none-any.whl", hash = "sha256:9f7ebbcd14fe59494226453aed97c1070d83f8d24b6fc3a3bcf9a38092641c4a", size = 91687, upload-time = "2026-05-07T12:08:27.182Z" },
]

[[package]]
name = "mdurl"
version = "0.1.2"
source = { registry = "https://pypi.org/simple" }
sdist = { url = "https://files.pythonhosted.org/packages/d6/54/cfe61301667036ec958cb99bd3efefba235e65cdeb9c84d24a8293ba1d90/mdurl-0.1.2.tar.gz", hash = "sha256:bb413d29f5eea38f31dd4754dd7377d4465116fb207585f97bf925588687c1ba", size = 8729, upload-time = "2022-08-14T12:40:10.846Z" }
wheels = [
    { url = "https://files.pythonhosted.org/packages/b3/38/89ba8ad64ae25be8de66a6d463314cf1eb366222074cfda9ee839c56a4b4/mdurl-0.1.2-py3-none-any.whl", hash = "sha256:84008a41e51615a49fc9966191ff91509e3c40b939176e643fd50a5c2196b8f8", size = 9979, upload-time = "2022-08-14T12:40:09.779Z" },
]

[[package]]
name = "packaging"
version = "26.2"
source = { registry = "https://pypi.org/simple" }
sdist = { url = "https://files.pythonhosted.org/packages/d7/f1/e7a6dd94a8d4a5626c03e4e99c87f241ba9e350cd9e6d75123f992427270/packaging-26.2.tar.gz", hash = "sha256:ff452ff5a3e828ce110190feff1178bb1f2ea2281fa2075aadb987c2fb221661", size = 228134, upload-time = "2026-04-24T20:15:23.917Z" }
wheels = [
    { url = "https://files.pythonhosted.org/packages/df/b2/87e62e8c3e2f4b32e5fe99e0b86d576da1312593b39f47d8ceef365e95ed/packaging-26.2-py3-none-any.whl", hash = "sha256:5fc45236b9446107ff2415ce77c807cee2862cb6fac22b8a73826d0693b0980e", size = 100195, upload-time = "2026-04-24T20:15:22.081Z" },
]

[[package]]
name = "pluggy"
version = "1.6.0"
source = { registry = "https://pypi.org/simple" }
sdist = { url = "https://files.pythonhosted.org/packages/f9/e2/3e91f31a7d2b083fe6ef3fa267035b518369d9511ffab804f839851d2779/pluggy-1.6.0.tar.gz", hash = "sha256:7dcc130b76258d33b90f61b658791dede3486c3e6bfb003ee5c9bfb396dd22f3", size = 69412, upload-time = "2025-05-15T12:30:07.975Z" }
wheels = [
    { url = "https://files.pythonhosted.org/packages/54/20/4d324d65cc6d9205fabedc306948156824eb9f0ee1633355a8f7ec5c66bf/pluggy-1.6.0-py3-none-any.whl", hash = "sha256:e920276dd6813095e9377c0bc5566d94c932c33b27a3e3945d8389c374dd4746", size = 20538, upload-time = "2025-05-15T12:30:06.134Z" },
]

[[package]]
name = "prek"
version = "0.4.3"
source = { registry = "https://pypi.org/simple" }
sdist = { url = "https://files.pythonhosted.org/packages/5b/3b/a0ae60bbd4c4735f20aeddfbd3c50fb669cd8e99c078a3ed75a6a4a5c6d7/prek-0.4.3.tar.gz", hash = "sha256:e486307ea649e7300b3535fac52fe0ba0b80aebe23143b662659d16e6a7c8b47", size = 461800, upload-time = "2026-05-27T03:18:58.045Z" }
wheels = [
    { url = "https://files.pythonhosted.org/packages/df/be/980a0512f7eec3469dd40574f4e35d9ce7b67b358fea58888d13a0625b0d/prek-0.4.3-py3-none-linux_armv6l.whl", hash = "sha256:c67109de8d9766c2afd6e7e64feb9e1a0d3eceb3b4123280c28344660c1a97cd", size = 5541730, upload-time = "2026-05-27T03:19:09.119Z" },
    { url = "https://files.pythonhosted.org/packages/ef/55/937d707cc01d311e5c856c7019bc7db2c5e1835728396bb1ea32a7ecfdfd/prek-0.4.3-py3-none-macosx_10_12_x86_64.whl", hash = "sha256:b43a85f5ddf7827a75491e79ca068a49c5e4efde8dbac844ecb89622a78458e4", size = 5906762, upload-time = "2026-05-27T03:19:21.651Z" },
    { url = "https://files.pythonhosted.org/packages/e1/6a/9a99ac481eb148dba55652df88b029ab6c1f90384bd51996026cdab2dafb/prek-0.4.3-py3-none-macosx_11_0_arm64.whl", hash = "sha256:e99ee90a7b6e84dabef891ff7521eb59dae38953467bdb482f004ea522d3a64c", size = 5461541, upload-time = "2026-05-27T03:18:55.984Z" },
    { url = "https://files.pythonhosted.org/packages/a4/8d/9056b02a100cc18b101fc05ecc82635889f5f8cb1cce5d70b027e517a6d9/prek-0.4.3-py3-none-manylinux_2_17_aarch64.manylinux2014_aarch64.musllinux_1_1_aarch64.whl", hash = "sha256:f514ec0d95cd4578d74d4601058bd259f5baf91c937f2aaae942d4b070b8077f", size = 5720501, upload-time = "2026-05-27T03:18:52.424Z" },
    { url = "https://files.pythonhosted.org/packages/ba/ea/efbe4523e53022d94272ddfdd3a198ace7de004dd8830a69318085a10393/prek-0.4.3-py3-none-manylinux_2_17_armv7l.manylinux2014_armv7l.whl", hash = "sha256:03a4ac3c3023a76faa52ad7775720599b10241930be8902c471085b22572b4b0", size = 5452412, upload-time = "2026-05-27T03:19:17.801Z" },
    { url = "https://files.pythonhosted.org/packages/97/d6/8a48b2c6a5117110d688c2d8ca2526264ad9f0d3baed4587038ee85e4c2d/prek-0.4.3-py3-none-manylinux_2_17_i686.manylinux2014_i686.whl", hash = "sha256:40173425ab82bf0a7267d672b3e3aae9dd425eaee3a3641c6a5f040da3ff95e4", size = 5849515, upload-time = "2026-05-27T03:19:05.545Z" },
    { url = "https://files.pythonhosted.org/packages/ec/66/ccce7a1b6c6b610a22b54092d523ea7d35709e42864dace3734c05dd5f98/prek-0.4.3-py3-none-manylinux_2_17_s390x.manylinux2014_s390x.whl", hash = "sha256:1b8d99ee3277f8f3a3453a953120ee5c6c52f7ad89e459a25425cf62135f47b1", size = 6743978, upload-time = "2026-05-27T03:19:07.445Z" },
    { url = "https://files.pythonhosted.org/packages/1a/f8/7a441d780c42e858ad677c82bb54eb3f01b424b710a8db5b9a8782305326/prek-0.4.3-py3-none-manylinux_2_17_x86_64.manylinux2014_x86_64.whl", hash = "sha256:e08595fe96d24c1fe13486b00d55ce73a7b37040a16e82365942606594c67a6b", size = 6108774, upload-time = "2026-05-27T03:19:03.565Z" },
    { url = "https://files.pythonhosted.org/packages/bf/38/fbb1afe14c7536109c68a1d9ca602f152f1929972d006c517c3b92140192/prek-0.4.3-py3-none-manylinux_2_28_aarch64.whl", hash = "sha256:8607d636ef9232675507d97d252e1dcca5628bff79cb069fa945fff09d7bbb43", size = 5723165, upload-time = "2026-05-27T03:18:59.558Z" },
    { url = "https://files.pythonhosted.org/packages/b7/b8/edafebce2bbd85f9e9de2781c225d690eb2b9897a06b224f5c24658fe398/prek-0.4.3-py3-none-manylinux_2_31_riscv64.whl", hash = "sha256:89484765304a779780f83489eb3aed5de5366f47fce7713fa5a917ebc281baa0", size = 5560557, upload-time = "2026-05-27T03:18:49.59Z" },
    { url = "https://files.pythonhosted.org/packages/3b/2e/a85a40458ac50c452cae2ddd2eed0b70107fd2b4074d7a5003088ac508f1/prek-0.4.3-py3-none-musllinux_1_1_armv7l.whl", hash = "sha256:2d2b0c12e3d1c6d90646f9faa2d4c66f9861f3c6e577d7dbd25e733ed095ac56", size = 5417874, upload-time = "2026-05-27T03:19:01.681Z" },
    { url = "https://files.pythonhosted.org/packages/4c/be/106fb026646e1da65da6d2a5f3cfbda817e68a72429645351b7033c0b2b5/prek-0.4.3-py3-none-musllinux_1_1_i686.whl", hash = "sha256:ca6802eaf191acb6166e9e013dd277ea193ba27c1dca896ab7debf6dca758b6d", size = 5710013, upload-time = "2026-05-27T03:18:54.143Z" },
    { url = "https://files.pythonhosted.org/packages/03/c4/edfff5f7d9b6c9e5860dfe05c9488e1b96de990b652db2e379d45af8ad2e/prek-0.4.3-py3-none-musllinux_1_1_x86_64.whl", hash = "sha256:a46862d81078d2c8caa286c392f965ed72fb72eb1fed171910ba54fe8d546ed0", size = 6230160, upload-time = "2026-05-27T03:19:15.58Z" },
    { url = "https://files.pythonhosted.org/packages/15/d2/70adf26d5da0b7a66d8e284a661feddd5e8c69784b82084f40485fa321e4/prek-0.4.3-py3-none-win32.whl", hash = "sha256:f78e343584cfff106fc3c361109b87949ad8028dc5aa667e0fccd26db8170d7d", size = 5226844, upload-time = "2026-05-27T03:19:13.871Z" },
    { url = "https://files.pythonhosted.org/packages/32/5d/9f21aca8ccee6978db831dbf36c2e17461692c75dd291c9b3d170e39a82a/prek-0.4.3-py3-none-win_amd64.whl", hash = "sha256:798d04437d30d6b4e6c1d520fe6ca800c340c9246f0dc8900d8b365df54b71b6", size = 5616068, upload-time = "2026-05-27T03:19:19.653Z" },
    { url = "https://files.pythonhosted.org/packages/f5/ef/cad8f9c66bcc199e22d1ad82a50032067a4c8b4182306d3472ff99f64aa3/prek-0.4.3-py3-none-win_arm64.whl", hash = "sha256:70d9da5fc14ef41565ff7ba9f476fb53166bf719a954339b2e9f42ed494a2f71", size = 5448057, upload-time = "2026-05-27T03:19:11.118Z" },
]

[[package]]
name = "pygments"
version = "2.20.0"
source = { registry = "https://pypi.org/simple" }
sdist = { url = "https://files.pythonhosted.org/packages/c3/b2/bc9c9196916376152d655522fdcebac55e66de6603a76a02bca1b6414f6c/pygments-2.20.0.tar.gz", hash = "sha256:6757cd03768053ff99f3039c1a36d6c0aa0b263438fcab17520b30a303a82b5f", size = 4955991, upload-time = "2026-03-29T13:29:33.898Z" }
wheels = [
    { url = "https://files.pythonhosted.org/packages/f4/7e/a72dd26f3b0f4f2bf1dd8923c85f7ceb43172af56d63c7383eb62b332364/pygments-2.20.0-py3-none-any.whl", hash = "sha256:81a9e26dd42fd28a23a2d169d86d7ac03b46e2f8b59ed4698fb4785f946d0176", size = 1231151, upload-time = "2026-03-29T13:29:30.038Z" },
]

[[package]]
name = "pytest"
version = "9.0.3"
source = { registry = "https://pypi.org/simple" }
dependencies = [
    { name = "colorama", marker = "sys_platform == 'win32'" },
    { name = "iniconfig" },
    { name = "packaging" },
    { name = "pluggy" },
    { name = "pygments" },
]
sdist = { url = "https://files.pythonhosted.org/packages/7d/0d/549bd94f1a0a402dc8cf64563a117c0f3765662e2e668477624baeec44d5/pytest-9.0.3.tar.gz", hash = "sha256:b86ada508af81d19edeb213c681b1d48246c1a91d304c6c81a427674c17eb91c", size = 1572165, upload-time = "2026-04-07T17:16:18.027Z" }
wheels = [
    { url = "https://files.pythonhosted.org/packages/d4/24/a372aaf5c9b7208e7112038812994107bc65a84cd00e0354a88c2c77a617/pytest-9.0.3-py3-none-any.whl", hash = "sha256:2c5efc453d45394fdd706ade797c0a81091eccd1d6e4bccfcd476e2b8e0ab5d9", size = 375249, upload-time = "2026-04-07T17:16:16.13Z" },
]

[[package]]
name = "rich"
version = "15.0.0"
source = { registry = "https://pypi.org/simple" }
dependencies = [
    { name = "markdown-it-py" },
    { name = "pygments" },
]
sdist = { url = "https://files.pythonhosted.org/packages/c0/8f/0722ca900cc807c13a6a0c696dacf35430f72e0ec571c4275d2371fca3e9/rich-15.0.0.tar.gz", hash = "sha256:edd07a4824c6b40189fb7ac9bc4c52536e9780fbbfbddf6f1e2502c31b068c36", size = 230680, upload-time = "2026-04-12T08:24:00.75Z" }
wheels = [
    { url = "https://files.pythonhosted.org/packages/82/3b/64d4899d73f91ba49a8c18a8ff3f0ea8f1c1d75481760df8c68ef5235bf5/rich-15.0.0-py3-none-any.whl", hash = "sha256:33bd4ef74232fb73fe9279a257718407f169c09b78a87ad3d296f548e27de0bb", size = 310654, upload-time = "2026-04-12T08:24:02.83Z" },
]

[[package]]
name = "ruff"
version = "0.15.15"
source = { registry = "https://pypi.org/simple" }
sdist = { url = "https://files.pythonhosted.org/packages/84/6f/a76f7d96e5c962f5b69cee865e49c15c1116897c01990faa8a57edb62e7f/ruff-0.15.15.tar.gz", hash = "sha256:b8dff018130b46d8e5bf0f926ef6b60cf871d6d5ae45fc9334e09632daa741d6", size = 4706985, upload-time = "2026-05-28T14:16:57.784Z" }
wheels = [
    { url = "https://files.pythonhosted.org/packages/fa/9d/3a45c05b8ab04b4705989de70a79008e27c8003296a0feaee9edc18dd7e9/ruff-0.15.15-py3-none-linux_armv6l.whl", hash = "sha256:cf93e5388f412e1b108b1f8b34a6e036b70fe8aff89393befad96fe48670311b", size = 10710652, upload-time = "2026-05-28T14:16:06.701Z" },
    { url = "https://files.pythonhosted.org/packages/05/66/da974431624bf3b49f6ee1f9543c02d929ff1cba78b0d5a79c38cf21f744/ruff-0.15.15-py3-none-macosx_10_12_x86_64.whl", hash = "sha256:ac5a646d1f6a7dadd5d50842dae2c1f9862ac887ef5d1b1375e02def791fde6e", size = 11096615, upload-time = "2026-05-28T14:16:23.313Z" },
    { url = "https://files.pythonhosted.org/packages/8c/09/7443452e5d290230a712103f2fdceeef7184f3ec99a2bd01c8be78aaceb5/ruff-0.15.15-py3-none-macosx_11_0_arm64.whl", hash = "sha256:77d955a431430c66f72dd94e379ad38a16daea3d25094872ac4edf9e797be530", size = 10436683, upload-time = "2026-05-28T14:16:40.974Z" },
    { url = "https://files.pythonhosted.org/packages/53/01/d330c26a57fa4f3943a14424904027428315b700fe4d14a84bb123a649e5/ruff-0.15.15-py3-none-manylinux_2_17_aarch64.manylinux2014_aarch64.whl", hash = "sha256:7614ee79c69788cf6cedd568069ade9cecc22a1ad20494efe8d0c9ebb4b622d4", size = 10769064, upload-time = "2026-05-28T14:16:28.905Z" },
    { url = "https://files.pythonhosted.org/packages/1d/85/cc8770f8bdff541b1da8392d1634141fe4a0e3f4ee596605959b7906c27f/ruff-0.15.15-py3-none-manylinux_2_17_armv7l.manylinux2014_armv7l.whl", hash = "sha256:3cdb1679e06a1f6b47bc384714ae96f6e2fb65ca441eb78c43d2ca554176ce1f", size = 10511987, upload-time = "2026-05-28T14:16:43.732Z" },
    { url = "https://files.pythonhosted.org/packages/7c/29/8c190c1472b63013583ba391f3342036e02010544c1270455ed8e519bdf3/ruff-0.15.15-py3-none-manylinux_2_17_i686.manylinux2014_i686.whl", hash = "sha256:2728b93d7b23a603ea2c0ac6eb73d760bd38ec9de35f35fb41e18f7a3fee7622", size = 11275100, upload-time = "2026-05-28T14:16:55.244Z" },
    { url = "https://files.pythonhosted.org/packages/9f/6b/7e145ce2cc8e63d6834eca03d83a0e18d121def5c69f91b4cf4011ed4879/ruff-0.15.15-py3-none-manylinux_2_17_ppc64le.manylinux2014_ppc64le.whl", hash = "sha256:be582fcc0db438902c7792b08d6ddf6c9b9e21addaa10092c2c741cfb09e5a45", size = 12176903, upload-time = "2026-05-28T14:16:14.368Z" },
    { url = "https://files.pythonhosted.org/packages/80/a3/d5974637f68e451f7fadf015cf3101d1cd7d8ba5027cffe0b9e3826ebe6b/ruff-0.15.15-py3-none-manylinux_2_17_s390x.manylinux2014_s390x.whl", hash = "sha256:7aa77465b8ecaf1a27bea098d696f7fed5e1eccbd10b321b682d6de586ae5627", size = 11404550, upload-time = "2026-05-28T14:16:20.138Z" },
    { url = "https://files.pythonhosted.org/packages/fe/1c/e6e5e568f22be4fb05d6244234aba384c06b451252453b821e1a529263cf/ruff-0.15.15-py3-none-manylinux_2_17_x86_64.manylinux2014_x86_64.whl", hash = "sha256:48decfa11d740de4889de623be1463308346312f2409a56e24aa280c86162dc4", size = 11382027, upload-time = "2026-05-28T14:16:46.615Z" },
    { url = "https://files.pythonhosted.org/packages/1d/01/170921b49fcd2e8858825593f91cf7146c3e40a5c3e6df763e4bb0484dde/ruff-0.15.15-py3-none-manylinux_2_31_riscv64.whl", hash = "sha256:a5015088452ca0081387063649ec67f06d3d1d6b8b936a1f836b5e9657ecd48c", size = 11366041, upload-time = "2026-05-28T14:16:26.247Z" },
    { url = "https://files.pythonhosted.org/packages/87/54/a7bad711d7de93254e15e06a4c375b89a03d18de45d3e5dcc86a4472fb1a/ruff-0.15.15-py3-none-musllinux_1_2_aarch64.whl", hash = "sha256:f5294aab6356c81600fcdea3a62bb1b924dfd5e91767c12318d3f68f86af57cd", size = 10741795, upload-time = "2026-05-28T14:16:17.11Z" },
    { url = "https://files.pythonhosted.org/packages/c9/31/38c075963668f8b41c6914ee0f6f318727fbe30ab9145cb29e6df464c5fa/ruff-0.15.15-py3-none-musllinux_1_2_armv7l.whl", hash = "sha256:db5bd4d802415cca656dc1616070b725952d6ae95eb5d4831e49fbd94a38f75f", size = 10511117, upload-time = "2026-05-28T14:16:31.767Z" },
    { url = "https://files.pythonhosted.org/packages/9d/96/6ff689e1f7e375d1d97075eca022f74c2bab59554a432fe4d2e6f091986a/ruff-0.15.15-py3-none-musllinux_1_2_i686.whl", hash = "sha256:587a6278ed42059191c1a466e490bd7930fb50bd2e255398bc29616c895a61cb", size = 10994867, upload-time = "2026-05-28T14:16:35.149Z" },
    { url = "https://files.pythonhosted.org/packages/c3/c2/5dce0ab9f92a8d534fa62b9bf9caca3eddb8c1a81b616f5e195ada4f0d6e/ruff-0.15.15-py3-none-musllinux_1_2_x86_64.whl", hash = "sha256:df0c1c084f5f4be9812f61518a45c440d3c30d69ce4bf6c5270e66d38338f02a", size = 11482101, upload-time = "2026-05-28T14:16:49.598Z" },
    { url = "https://files.pythonhosted.org/packages/b1/c0/1003b60edd697c649faf61f1a34094b1abb38fb3d1181e3f895781250a08/ruff-0.15.15-py3-none-win32.whl", hash = "sha256:29428ea79694afbe756d45fd59b36f22b6b020dc0443cf7de0173046236964b9", size = 10716774, upload-time = "2026-05-28T14:16:52.337Z" },
    { url = "https://files.pythonhosted.org/packages/02/a8/1269eddd6945a06c23f055ef7848886e37cf9d6a8bebb386a3115f01470c/ruff-0.15.15-py3-none-win_amd64.whl", hash = "sha256:8df0323902e15e24bc4bf246da830573d3cf3352bd0b9a164eab335d111ff4a4", size = 11868463, upload-time = "2026-05-28T14:16:11.333Z" },
    { url = "https://files.pythonhosted.org/packages/4e/b2/920464c907b191e37469d477a1aa8bc048b8f36c4c1610dfa4ab87b39e18/ruff-0.15.15-py3-none-win_arm64.whl", hash = "sha256:3c8ceca6792f38196b8f589bc92eccd03eef286602da92e5dc05cc42ef6441b7", size = 11138498, upload-time = "2026-05-28T14:16:38.425Z" },
]

[[package]]
name = "shellingham"
version = "1.5.4"
source = { registry = "https://pypi.org/simple" }
sdist = { url = "https://files.pythonhosted.org/packages/58/15/8b3609fd3830ef7b27b655beb4b4e9c62313a4e8da8c676e142cc210d58e/shellingham-1.5.4.tar.gz", hash = "sha256:8dbca0739d487e5bd35ab3ca4b36e11c4078f3a234bfce294b0a0291363404de", size = 10310, upload-time = "2023-10-24T04:13:40.426Z" }
wheels = [
    { url = "https://files.pythonhosted.org/packages/e0/f9/0595336914c5619e5f28a1fb793285925a8cd4b432c9da0a987836c7f822/shellingham-1.5.4-py2.py3-none-any.whl", hash = "sha256:7ecfff8f2fd72616f7481040475a65b2bf8af90a56c89140852d1120324e8686", size = 9755, upload-time = "2023-10-24T04:13:38.866Z" },
]

[[package]]
name = "ty"
version = "0.0.40"
source = { registry = "https://pypi.org/simple" }
sdist = { url = "https://files.pythonhosted.org/packages/5a/f8/a754c96967b71de8723f88be17df8738216bd382ffed229cd500b7a24d13/ty-0.0.40.tar.gz", hash = "sha256:883b53dd98f6e5b33ab1c8e1a3cd94b0f29c762ef22cdf1e86aaffb4fd711c67", size = 5726484, upload-time = "2026-05-27T17:55:43.615Z" }
wheels = [
    { url = "https://files.pythonhosted.org/packages/2c/42/d029a72165ad39f95228b67355927fbd35c821dc8e3e475d49f47c2eeb1e/ty-0.0.40-py3-none-linux_armv6l.whl", hash = "sha256:9defb4742450e569a6a09de286a04008d6c2e815112da4362c88b6eaa2f52a36", size = 11406372, upload-time = "2026-05-27T17:55:49.633Z" },
    { url = "https://files.pythonhosted.org/packages/23/99/7f8ea09b7e49afbf795cb3341a3217f30f228db7e62a2268ed8cbbf813d6/ty-0.0.40-py3-none-macosx_10_12_x86_64.whl", hash = "sha256:868258a3330db88b683fcafe2c4e936d6226a6312799bf15b585d93557b2d38c", size = 11159782, upload-time = "2026-05-27T17:55:47.405Z" },
    { url = "https://files.pythonhosted.org/packages/04/d8/1ea745ee97a98b26ae9564d19a430a76a35297cd450e84dcaad22e1f7ee8/ty-0.0.40-py3-none-macosx_11_0_arm64.whl", hash = "sha256:589c81060cf1e7a9ffa2f45bfa35ffd9b9fbd214104e3f13959f113627efcd91", size = 10594139, upload-time = "2026-05-27T17:55:37.206Z" },
    { url = "https://files.pythonhosted.org/packages/39/1a/fbef21273c6617ff4715b4827ee1c0b6550aa7d1df4b8c43b325545c1cf4/ty-0.0.40-py3-none-manylinux_2_17_aarch64.manylinux2014_aarch64.whl", hash = "sha256:7b06108990cb338d941c315ae6e9ba2fff8f518bc15d3f33e5619ff6a6c9beab", size = 11114156, upload-time = "2026-05-27T17:55:56.11Z" },
    { url = "https://files.pythonhosted.org/packages/3c/f9/389fc4976d7ec016a7473cf1274bf9c4f491bb54c66649bd022bff9f2b6a/ty-0.0.40-py3-none-manylinux_2_17_armv7l.manylinux2014_armv7l.whl", hash = "sha256:3913ef37336bec4f96bd2512f8c3a543ca34c259b7170f7eb5adf75b3ed7f04c", size = 11189050, upload-time = "2026-05-27T17:55:54.099Z" },
    { url = "https://files.pythonhosted.org/packages/fa/a9/4ecabbf4bdda7df0d99d8d3892c6edac0efc8c4cae756a5109178a3d0e86/ty-0.0.40-py3-none-manylinux_2_17_i686.manylinux2014_i686.whl", hash = "sha256:8fd1486bd5fe48779a8aa857137f3642a0a9161f5cf57d4380f4a0ecea01c8f3", size = 11664266, upload-time = "2026-05-27T17:55:28.17Z" },
    { url = "https://files.pythonhosted.org/packages/45/02/0aa78730116507c265afb1d6d5961c583b49d4c2e368c4a49fd81bcae6dc/ty-0.0.40-py3-none-manylinux_2_17_ppc64le.manylinux2014_ppc64le.whl", hash = "sha256:1668364d5254a734329917ee66c2c5fdd5665389d41043f6fce0f22ddb32b749", size = 12187743, upload-time = "2026-05-27T17:56:04.337Z" },
    { url = "https://files.pythonhosted.org/packages/e6/68/ccabf2d173523598271a385c1d3f864dbda23e5ebdc67f5969b9e830ea05/ty-0.0.40-py3-none-manylinux_2_17_s390x.manylinux2014_s390x.whl", hash = "sha256:43f77a73edb91e5dfa2ab9af7c4cac64614f8cc121f38a8875f22e830d3aba6a", size = 11862999, upload-time = "2026-05-27T17:55:58.087Z" },
    { url = "https://files.pythonhosted.org/packages/03/8d/6d7ec22771bb23d534797cdb446eb644bccfe7a62b729bb99e7235a02fc3/ty-0.0.40-py3-none-manylinux_2_17_x86_64.manylinux2014_x86_64.whl", hash = "sha256:1274ce0212ecbfed01bda7c3659c46e8bd0068e32d00c46c790466a95274c3df", size = 11743896, upload-time = "2026-05-27T17:56:00.017Z" },
    { url = "https://files.pythonhosted.org/packages/cd/a4/f9fa076b010c91cb249b1fcc3476569b7b8462cb4b688da2d04c23a0622f/ty-0.0.40-py3-none-manylinux_2_31_riscv64.whl", hash = "sha256:5ee1261dbc363e5cc1a0c5bb0c8612c192bfe53491214df8bc85a540835685f9", size = 11883581, upload-time = "2026-05-27T17:56:02.319Z" },
    { url = "https://files.pythonhosted.org/packages/fd/0f/5b776a2328c756d574dd4d6afbd30fc24e1ab4b76935c7c3c23f27ebbcb9/ty-0.0.40-py3-none-musllinux_1_2_aarch64.whl", hash = "sha256:6220e2cd5cdc4683dd87fb150d195bbd9f1a021395e04cb08bd3c66ea6da6ef8", size = 11093946, upload-time = "2026-05-27T17:55:33.284Z" },
    { url = "https://files.pythonhosted.org/packages/64/c4/eb23154bae83ad7c2935e9e5916660fb3e31598a92ee232aebd79410480c/ty-0.0.40-py3-none-musllinux_1_2_armv7l.whl", hash = "sha256:46b9ed69d01d98ef046afac9983c68336f572605ea2a27b90fbe6f80bfc8d6b7", size = 11210737, upload-time = "2026-05-27T17:55:45.523Z" },
    { url = "https://files.pythonhosted.org/packages/ff/19/1fb2529703f708cacfd13a89f98613cae2907dfa941b26976467e6119803/ty-0.0.40-py3-none-musllinux_1_2_i686.whl", hash = "sha256:ddbca9fab4406260f141674ab5efcfe7b02bd468e6985e4cdde0a21626e69ffe", size = 11332563, upload-time = "2026-05-27T17:55:41.674Z" },
    { url = "https://files.pythonhosted.org/packages/87/69/b3f5a8ef26c31204e0391147b3adcdb0674eda3e7d99868478ef168a41c6/ty-0.0.40-py3-none-musllinux_1_2_x86_64.whl", hash = "sha256:b1fcc082a749e6dc11b68fe9aab0420238bbf2a2374c2c7aa3c22e8c1618b136", size = 11843216, upload-time = "2026-05-27T17:55:35.367Z" },
    { url = "https://files.pythonhosted.org/packages/ac/e8/20193069d32787f3e1a6ec8940aaa3759d3de8f48f9281bcc0c5cb0939da/ty-0.0.40-py3-none-win32.whl", hash = "sha256:75feb115b3587824c5bdf8f8305e9547b0d1e398e3077b0addc7a1988ea9bb50", size = 10670731, upload-time = "2026-05-27T17:55:31.316Z" },
    { url = "https://files.pythonhosted.org/packages/a3/f9/8b2aa4da61db81322d4a2f9db227afeb48110ca15ae31d380f64c64ceb63/ty-0.0.40-py3-none-win_amd64.whl", hash = "sha256:b0f905edaad788bd61f779a85801b60a267a25ed57fca05aaddd168d9d8896be", size = 11766211, upload-time = "2026-05-27T17:55:51.898Z" },
    { url = "https://files.pythonhosted.org/packages/04/87/369056ed46f1b235130ec0595393262f9cd2061ca3dab276d490980f9343/ty-0.0.40-py3-none-win_arm64.whl", hash = "sha256:07da2b09d9130e2c9a257d2a29beb53105835b0256ee5fdb288fe1aab83fee47", size = 11117369, upload-time = "2026-05-27T17:55:39.329Z" },
]

[[package]]
name = "typer"
version = "0.26.3"
source = { registry = "https://pypi.org/simple" }
dependencies = [
    { name = "annotated-doc" },
    { name = "colorama", marker = "sys_platform == 'win32'" },
    { name = "rich" },
    { name = "shellingham" },
]
sdist = { url = "https://files.pythonhosted.org/packages/cc/15/f5fc7be23b7196bc065b282d9589a372392fb10860c80f9c1dd7eb008662/typer-0.26.3.tar.gz", hash = "sha256:3e2b9352f535e5303ef27806dadc2c8647687bdca5c902f03fec3fb88f46a46a", size = 198326, upload-time = "2026-05-28T20:30:50.984Z" }
wheels = [
    { url = "https://files.pythonhosted.org/packages/cd/cc/c6c5dea061e2740355bfeef22ac6a41751bd2f3903e83921295569bdcec4/typer-0.26.3-py3-none-any.whl", hash = "sha256:e70549ec5a403ca8a0bf0802ddd9f3c6ff7a14ccbb859b01b697baa943636f33", size = 122338, upload-time = "2026-05-28T20:30:49.816Z" },
]

[[package]]
name = "zizmor"
version = "1.25.2"
source = { registry = "https://pypi.org/simple" }
sdist = { url = "https://files.pythonhosted.org/packages/b3/41/8987d546e3101cc76748b2f1b0ccda58e244773ef5124d39e7e749e3d6e4/zizmor-1.25.2.tar.gz", hash = "sha256:f26ffeb16659c8922c7b08203ca5a4f8bf5e1a7e8d190734961c40877cf778ea", size = 517794, upload-time = "2026-05-16T06:28:43.816Z" }
wheels = [
    { url = "https://files.pythonhosted.org/packages/dc/bd/84108a92ccbfda0d28efc11f382997c7a767b58863bf4a550634b8cf0211/zizmor-1.25.2-py3-none-macosx_10_12_x86_64.whl", hash = "sha256:17cc8cfd9d472e8b11945a869c198d25cfdf4a33f36fa7a1f9674099f5fb509d", size = 9115548, upload-time = "2026-05-16T06:28:33.591Z" },
    { url = "https://files.pythonhosted.org/packages/c2/c0/66453a2553a66286a96ca32d75e3e6bcc94ce7f907cd5f8c2c3fce55315e/zizmor-1.25.2-py3-none-macosx_11_0_arm64.whl", hash = "sha256:d3e301eb4465e2da77857cf01ab4ef0184cf3818e826800b270ab01ae7338977", size = 8665071, upload-time = "2026-05-16T06:28:30.861Z" },
    { url = "https://files.pythonhosted.org/packages/52/3e/d60939d1cc4907c0d021a7c46362aab5e8045550bb09157d56c070e43568/zizmor-1.25.2-py3-none-manylinux_2_24_aarch64.whl", hash = "sha256:cf64374149b567c9373228b76c8e77a389b4071899f84b82c36ee50fab894e79", size = 8842884, upload-time = "2026-05-16T06:28:26.041Z" },
    { url = "https://files.pythonhosted.org/packages/46/82/f3e8d9b6d941194f2558591b449c106d46a16ea566b95eccff3a83bf6acc/zizmor-1.25.2-py3-none-manylinux_2_28_armv7l.whl", hash = "sha256:0beba1601be08bd00c9277e6ed4b026e125b26b379d86d6d98eb708409b3050d", size = 8449741, upload-time = "2026-05-16T06:28:45.424Z" },
    { url = "https://files.pythonhosted.org/packages/4b/13/445bc98acc2c976d6b8f8ca59b9c09f055adb5ffb3445d99af8ff7efcb4f/zizmor-1.25.2-py3-none-manylinux_2_28_x86_64.whl", hash = "sha256:c4246f1344d8dbeffc044d7bb11b131773a7db7eb57d9073c45942dfd3543a1f", size = 9285184, upload-time = "2026-05-16T06:28:39.21Z" },
    { url = "https://files.pythonhosted.org/packages/cf/78/fc7717c706bde7531b2fde12003994fbc04c47ab4f91aa6ca9b3b24b30fd/zizmor-1.25.2-py3-none-musllinux_1_2_aarch64.whl", hash = "sha256:dbb1b5c85b8de8eaa0227c6620f06c8e4fbd0a4da2086e218bc225c0bef0923d", size = 8886579, upload-time = "2026-05-16T06:28:51.384Z" },
    { url = "https://files.pythonhosted.org/packages/ca/bc/a46f11377cdc145c625d62d88c30fead56f9d29bc31652069a1a0eaed6c2/zizmor-1.25.2-py3-none-musllinux_1_2_armv7l.whl", hash = "sha256:d670a1e2f00b3cd56febd145bc1a0b2c4caf1cbe5dad8128721843fa877e2d2e", size = 8413576, upload-time = "2026-05-16T06:28:36.376Z" },
    { url = "https://files.pythonhosted.org/packages/2b/3b/0fd93b77171c8f229e8e1304eecc9931bf3009f722c57967d545d9f151b6/zizmor-1.25.2-py3-none-musllinux_1_2_x86_64.whl", hash = "sha256:b75c84d7387389f95edadbe859fb2aaf0a360c5b080932cc53e92ae1db6f09ef", size = 9378162, upload-time = "2026-05-16T06:28:41.999Z" },
    { url = "https://files.pythonhosted.org/packages/b5/3f/dcb85fb9a0d87794847f9043f9db9bb4d274cf4b8077604bc13850c8fdb4/zizmor-1.25.2-py3-none-win32.whl", hash = "sha256:aa9f4c43b499c55339c3ef2e885133c5017cd9a18d76d9335541203cfa5ae1e7", size = 7548509, upload-time = "2026-05-16T06:28:28.828Z" },
    { url = "https://files.pythonhosted.org/packages/d2/81/1cb088098bd53f9b910098b0c19d06dc587acf328a170ef8afd1cd93b482/zizmor-1.25.2-py3-none-win_amd64.whl", hash = "sha256:af55bd9bd119ea8cbce2a7addc3922503019de32c1fe31106d70b3dc77d77908", size = 8609822, upload-time = "2026-05-16T06:28:48.078Z" },
]
